
Microsoft Visual Studio Solution File, Format Version 12.00
# Visual Studio Version 17
VisualStudioVersion = 17.3.32901.215
MinimumVisualStudioVersion = 10.0.40219.1
Project("{8BC9CEB8-8B4A-11D0-8D11-00A0C91BC942}") = "RemovePeSign", "RemovePeSign.vcxproj", "{B4E42D8C-857B-4CA4-AADC-60531966F3CC}"
EndProject
Global
	GlobalSection(SolutionConfigurationPlatforms) = preSolution
		Debug|Win32 = Debug|Win32
		Debug|x64 = Debug|x64
		Release|Win32 = Release|Win32
		Release|x64 = Release|x64
	EndGlobalSection
	GlobalSection(ProjectConfigurationPlatforms) = postSolution
		{B4E42D8C-857B-4CA4-AADC-60531966F3CC}.Debug|Win32.ActiveCfg = Debug|Win32
		{B4E42D8C-857B-4CA4-AADC-60531966F3CC}.Debug|Win32.Build.0 = Debug|Win32
		{B4E42D8C-857B-4CA4-AADC-60531966F3CC}.Debug|x64.ActiveCfg = Debug|x64
		{B4E42D8C-857B-4CA4-AADC-60531966F3CC}.Debug|x64.Build.0 = Debug|x64
		{B4E42D8C-857B-4CA4-AADC-60531966F3CC}.Release|Win32.ActiveCfg = Release|Win32
		{B4E42D8C-857B-4CA4-AADC-60531966F3CC}.Release|Win32.Build.0 = Release|Win32
		{B4E42D8C-857B-4CA4-AADC-60531966F3CC}.Release|x64.ActiveCfg = Release|x64
		{B4E42D8C-857B-4CA4-AADC-60531966F3CC}.Release|x64.Build.0 = Release|x64
	EndGlobalSection
	GlobalSection(SolutionProperties) = preSolution
		HideSolutionNode = FALSE
	EndGlobalSection
	GlobalSection(ExtensibilityGlobals) = postSolution
		SolutionGuid = {1309166F-2C5B-4F99-8DE9-B831F8593647}
	EndGlobalSection
EndGlobal
